
Microsoft Visual Studio Solution File, Format Version 12.00
# Visual Studio Version 16
VisualStudioVersion = 16.0.29609.76
MinimumVisualStudioVersion = 10.0.40219.1
Project("{2150E333-8FDC-42A3-9474-1A3956D46DE8}") = "src", "src", "{709CF0D4-DBFE-46E7-B797-09B67BF95F87}"
EndProject
Project("{2150E333-8FDC-42A3-9474-1A3956D46DE8}") = "test", "test", "{585AC245-8B6E-4F5E-8EEF-D4125EF88880}"
EndProject
Project("{2150E333-8FDC-42A3-9474-1A3956D46DE8}") = "nuget", "nuget", "{3D7345E7-A59D-409F-8649-927EF2AD9794}"
	ProjectSection(SolutionItems) = preProject
		nuget\TauCode.Working.nuspec = nuget\TauCode.Working.nuspec
	EndProjectSection
EndProject
Project("{2150E333-8FDC-42A3-9474-1A3956D46DE8}") = "misc", "misc", "{86DFAC41-2BA0-4A11-85D1-12712E3BB72C}"
	ProjectSection(SolutionItems) = preProject
		misc\changelog.txt = misc\changelog.txt
		misc\todo.txt = misc\todo.txt
	EndProjectSection
EndProject
Project("{9A19103F-16F7-4668-BE54-9A1E7A4F7556}") = "TauCode.Working", "src\TauCode.Working\TauCode.Working.csproj", "{7CE6C7B9-232F-4F5B-A246-5C7C16EA2063}"
EndProject
Project("{2150E333-8FDC-42A3-9474-1A3956D46DE8}") = "build", "build", "{3E73BEB2-788C-4C98-9785-CED6C0990391}"
	ProjectSection(SolutionItems) = preProject
		build\azure-pipelines-dev.yml = build\azure-pipelines-dev.yml
		build\azure-pipelines.yml = build\azure-pipelines.yml
	EndProjectSection
EndProject
Project("{9A19103F-16F7-4668-BE54-9A1E7A4F7556}") = "TauCode.Working.Tests", "test\TauCode.Working.Tests\TauCode.Working.Tests.csproj", "{1D9E92CB-0758-43CB-B415-FDBE16A5B8F8}"
EndProject
Project("{2150E333-8FDC-42A3-9474-1A3956D46DE8}") = "test-demo", "test-demo", "{95C22442-7CA8-4FA1-8D14-12627B0C7C23}"
EndProject
Project("{9A19103F-16F7-4668-BE54-9A1E7A4F7556}") = "TauCode.Working.TestDemo.Lab", "test-demo\TauCode.Working.TestDemo.Lab\TauCode.Working.TestDemo.Lab.csproj", "{D8B41D63-6DF2-4C0D-8D0B-885740039A8E}"
EndProject
Project("{2150E333-8FDC-42A3-9474-1A3956D46DE8}") = "taucode", "taucode", "{9D196118-94ED-4435-9143-303C02D3D7A5}"
EndProject
Project("{9A19103F-16F7-4668-BE54-9A1E7A4F7556}") = "TauCode.Extensions.Lab", "taucode\TauCode.Extensions.Lab\TauCode.Extensions.Lab.csproj", "{B0420222-CFD7-4034-9505-9A9000BDED93}"
EndProject
Project("{2150E333-8FDC-42A3-9474-1A3956D46DE8}") = "gui", "gui", "{D194C7D1-3BCB-4BAA-9E11-4E57987C52A1}"
EndProject
Project("{2150E333-8FDC-42A3-9474-1A3956D46DE8}") = "cui", "cui", "{BDEE539D-8F0E-463A-8A69-28EE5867E169}"
EndProject
Project("{9A19103F-16F7-4668-BE54-9A1E7A4F7556}") = "TauCode.Working.TestDemo.Cui.Common", "test-demo\cui\TauCode.Working.TestDemo.Cui.Common\TauCode.Working.TestDemo.Cui.Common.csproj", "{84295059-1A66-4BA0-AEB3-C3709C33F24F}"
EndProject
Project("{9A19103F-16F7-4668-BE54-9A1E7A4F7556}") = "TauCode.Working.TestDemo.Cui.Server", "test-demo\cui\TauCode.Working.TestDemo.Cui.Server\TauCode.Working.TestDemo.Cui.Server.csproj", "{E9D6EA6E-7539-4532-99A8-0E1D0DE130C2}"
EndProject
Project("{9A19103F-16F7-4668-BE54-9A1E7A4F7556}") = "TauCode.Working.TestDemo.Cui.EasyNetQ", "test-demo\cui\TauCode.Working.TestDemo.Cui.EasyNetQ\TauCode.Working.TestDemo.Cui.EasyNetQ.csproj", "{5E51DB80-9750-45BC-A835-17512C56B105}"
EndProject
Project("{9A19103F-16F7-4668-BE54-9A1E7A4F7556}") = "TauCode.Working.TestDemo.Cui.Client", "test-demo\cui\TauCode.Working.TestDemo.Cui.Client\TauCode.Working.TestDemo.Cui.Client.csproj", "{A92C083E-D13E-46BE-831E-7CA6799D17C9}"
EndProject
Project("{9A19103F-16F7-4668-BE54-9A1E7A4F7556}") = "TauCode.Working.TestDemo.Gui.Server", "test-demo\gui\TauCode.Working.TestDemo.Gui.Server\TauCode.Working.TestDemo.Gui.Server.csproj", "{93FEA821-6A6E-4F92-96C4-4EB23092231C}"
EndProject
Project("{9A19103F-16F7-4668-BE54-9A1E7A4F7556}") = "TauCode.Working.TestDemo.Gui.Common", "test-demo\gui\TauCode.Working.TestDemo.Gui.Common\TauCode.Working.TestDemo.Gui.Common.csproj", "{C8509B08-5C98-4870-9F36-6905B1AC50C1}"
EndProject
Project("{FAE04EC0-301F-11D3-BF4B-00C04F79EFBC}") = "TauCode.Labor", "src\TauCode.Labor\TauCode.Labor.csproj", "{D3515B13-972A-42DF-BD57-644728E5BF18}"
EndProject
Project("{FAE04EC0-301F-11D3-BF4B-00C04F79EFBC}") = "TauCode.Labor.TestDemo.Lab", "test-demo\TauCode.Labor.TestDemo.Lab\TauCode.Labor.TestDemo.Lab.csproj", "{0235F211-C837-4DA2-9F49-F15979BE6F3F}"
EndProject
Global
	GlobalSection(SolutionConfigurationPlatforms) = preSolution
		Debug|Any CPU = Debug|Any CPU
		Release|Any CPU = Release|Any CPU
	EndGlobalSection
	GlobalSection(ProjectConfigurationPlatforms) = postSolution
		{7CE6C7B9-232F-4F5B-A246-5C7C16EA2063}.Debug|Any CPU.ActiveCfg = Debug|Any CPU
		{7CE6C7B9-232F-4F5B-A246-5C7C16EA2063}.Debug|Any CPU.Build.0 = Debug|Any CPU
		{7CE6C7B9-232F-4F5B-A246-5C7C16EA2063}.Release|Any CPU.ActiveCfg = Release|Any CPU
		{7CE6C7B9-232F-4F5B-A246-5C7C16EA2063}.Release|Any CPU.Build.0 = Release|Any CPU
		{1D9E92CB-0758-43CB-B415-FDBE16A5B8F8}.Debug|Any CPU.ActiveCfg = Debug|Any CPU
		{1D9E92CB-0758-43CB-B415-FDBE16A5B8F8}.Debug|Any CPU.Build.0 = Debug|Any CPU
		{1D9E92CB-0758-43CB-B415-FDBE16A5B8F8}.Release|Any CPU.ActiveCfg = Release|Any CPU
		{1D9E92CB-0758-43CB-B415-FDBE16A5B8F8}.Release|Any CPU.Build.0 = Release|Any CPU
		{D8B41D63-6DF2-4C0D-8D0B-885740039A8E}.Debug|Any CPU.ActiveCfg = Debug|Any CPU
		{D8B41D63-6DF2-4C0D-8D0B-885740039A8E}.Debug|Any CPU.Build.0 = Debug|Any CPU
		{D8B41D63-6DF2-4C0D-8D0B-885740039A8E}.Release|Any CPU.ActiveCfg = Release|Any CPU
		{D8B41D63-6DF2-4C0D-8D0B-885740039A8E}.Release|Any CPU.Build.0 = Release|Any CPU
		{B0420222-CFD7-4034-9505-9A9000BDED93}.Debug|Any CPU.ActiveCfg = Debug|Any CPU
		{B0420222-CFD7-4034-9505-9A9000BDED93}.Debug|Any CPU.Build.0 = Debug|Any CPU
		{B0420222-CFD7-4034-9505-9A9000BDED93}.Release|Any CPU.ActiveCfg = Release|Any CPU
		{B0420222-CFD7-4034-9505-9A9000BDED93}.Release|Any CPU.Build.0 = Release|Any CPU
		{84295059-1A66-4BA0-AEB3-C3709C33F24F}.Debug|Any CPU.ActiveCfg = Debug|Any CPU
		{84295059-1A66-4BA0-AEB3-C3709C33F24F}.Debug|Any CPU.Build.0 = Debug|Any CPU
		{84295059-1A66-4BA0-AEB3-C3709C33F24F}.Release|Any CPU.ActiveCfg = Release|Any CPU
		{84295059-1A66-4BA0-AEB3-C3709C33F24F}.Release|Any CPU.Build.0 = Release|Any CPU
		{E9D6EA6E-7539-4532-99A8-0E1D0DE130C2}.Debug|Any CPU.ActiveCfg = Debug|Any CPU
		{E9D6EA6E-7539-4532-99A8-0E1D0DE130C2}.Debug|Any CPU.Build.0 = Debug|Any CPU
		{E9D6EA6E-7539-4532-99A8-0E1D0DE130C2}.Release|Any CPU.ActiveCfg = Release|Any CPU
		{E9D6EA6E-7539-4532-99A8-0E1D0DE130C2}.Release|Any CPU.Build.0 = Release|Any CPU
		{5E51DB80-9750-45BC-A835-17512C56B105}.Debug|Any CPU.ActiveCfg = Debug|Any CPU
		{5E51DB80-9750-45BC-A835-17512C56B105}.Debug|Any CPU.Build.0 = Debug|Any CPU
		{5E51DB80-9750-45BC-A835-17512C56B105}.Release|Any CPU.ActiveCfg = Release|Any CPU
		{5E51DB80-9750-45BC-A835-17512C56B105}.Release|Any CPU.Build.0 = Release|Any CPU
		{A92C083E-D13E-46BE-831E-7CA6799D17C9}.Debug|Any CPU.ActiveCfg = Debug|Any CPU
		{A92C083E-D13E-46BE-831E-7CA6799D17C9}.Debug|Any CPU.Build.0 = Debug|Any CPU
		{A92C083E-D13E-46BE-831E-7CA6799D17C9}.Release|Any CPU.ActiveCfg = Release|Any CPU
		{A92C083E-D13E-46BE-831E-7CA6799D17C9}.Release|Any CPU.Build.0 = Release|Any CPU
		{93FEA821-6A6E-4F92-96C4-4EB23092231C}.Debug|Any CPU.ActiveCfg = Debug|Any CPU
		{93FEA821-6A6E-4F92-96C4-4EB23092231C}.Debug|Any CPU.Build.0 = Debug|Any CPU
		{93FEA821-6A6E-4F92-96C4-4EB23092231C}.Release|Any CPU.ActiveCfg = Release|Any CPU
		{93FEA821-6A6E-4F92-96C4-4EB23092231C}.Release|Any CPU.Build.0 = Release|Any CPU
		{C8509B08-5C98-4870-9F36-6905B1AC50C1}.Debug|Any CPU.ActiveCfg = Debug|Any CPU
		{C8509B08-5C98-4870-9F36-6905B1AC50C1}.Debug|Any CPU.Build.0 = Debug|Any CPU
		{C8509B08-5C98-4870-9F36-6905B1AC50C1}.Release|Any CPU.ActiveCfg = Release|Any CPU
		{C8509B08-5C98-4870-9F36-6905B1AC50C1}.Release|Any CPU.Build.0 = Release|Any CPU
		{D3515B13-972A-42DF-BD57-644728E5BF18}.Debug|Any CPU.ActiveCfg = Debug|Any CPU
		{D3515B13-972A-42DF-BD57-644728E5BF18}.Debug|Any CPU.Build.0 = Debug|Any CPU
		{D3515B13-972A-42DF-BD57-644728E5BF18}.Release|Any CPU.ActiveCfg = Release|Any CPU
		{D3515B13-972A-42DF-BD57-644728E5BF18}.Release|Any CPU.Build.0 = Release|Any CPU
		{0235F211-C837-4DA2-9F49-F15979BE6F3F}.Debug|Any CPU.ActiveCfg = Debug|Any CPU
		{0235F211-C837-4DA2-9F49-F15979BE6F3F}.Debug|Any CPU.Build.0 = Debug|Any CPU
		{0235F211-C837-4DA2-9F49-F15979BE6F3F}.Release|Any CPU.ActiveCfg = Release|Any CPU
		{0235F211-C837-4DA2-9F49-F15979BE6F3F}.Release|Any CPU.Build.0 = Release|Any CPU
	EndGlobalSection
	GlobalSection(SolutionProperties) = preSolution
		HideSolutionNode = FALSE
	EndGlobalSection
	GlobalSection(NestedProjects) = preSolution
		{7CE6C7B9-232F-4F5B-A246-5C7C16EA2063} = {709CF0D4-DBFE-46E7-B797-09B67BF95F87}
		{1D9E92CB-0758-43CB-B415-FDBE16A5B8F8} = {585AC245-8B6E-4F5E-8EEF-D4125EF88880}
		{D8B41D63-6DF2-4C0D-8D0B-885740039A8E} = {95C22442-7CA8-4FA1-8D14-12627B0C7C23}
		{B0420222-CFD7-4034-9505-9A9000BDED93} = {9D196118-94ED-4435-9143-303C02D3D7A5}
		{D194C7D1-3BCB-4BAA-9E11-4E57987C52A1} = {95C22442-7CA8-4FA1-8D14-12627B0C7C23}
		{BDEE539D-8F0E-463A-8A69-28EE5867E169} = {95C22442-7CA8-4FA1-8D14-12627B0C7C23}
		{84295059-1A66-4BA0-AEB3-C3709C33F24F} = {BDEE539D-8F0E-463A-8A69-28EE5867E169}
		{E9D6EA6E-7539-4532-99A8-0E1D0DE130C2} = {BDEE539D-8F0E-463A-8A69-28EE5867E169}
		{5E51DB80-9750-45BC-A835-17512C56B105} = {BDEE539D-8F0E-463A-8A69-28EE5867E169}
		{A92C083E-D13E-46BE-831E-7CA6799D17C9} = {BDEE539D-8F0E-463A-8A69-28EE5867E169}
		{93FEA821-6A6E-4F92-96C4-4EB23092231C} = {D194C7D1-3BCB-4BAA-9E11-4E57987C52A1}
		{C8509B08-5C98-4870-9F36-6905B1AC50C1} = {D194C7D1-3BCB-4BAA-9E11-4E57987C52A1}
		{D3515B13-972A-42DF-BD57-644728E5BF18} = {709CF0D4-DBFE-46E7-B797-09B67BF95F87}
		{0235F211-C837-4DA2-9F49-F15979BE6F3F} = {95C22442-7CA8-4FA1-8D14-12627B0C7C23}
	EndGlobalSection
	GlobalSection(ExtensibilityGlobals) = postSolution
		SolutionGuid = {CA6859C8-B1CF-4CDF-A5FE-24E4FF8F85B8}
	EndGlobalSection
EndGlobal
